
Microsoft Visual Studio Solution File, Format Version 12.00
# Visual Studio Version 17
VisualStudioVersion = 17.0.31903.59
MinimumVisualStudioVersion = 10.0.40219.1
Project("{9A19103F-16F7-4668-BE54-9A1E7A4F7556}") = "UDP-Multiplexer", "UDP-Multiplexer.csproj", "{DFF1055C-0165-489D-B493-7573FD76300C}"
EndProject
Global
	GlobalSection(SolutionConfigurationPlatforms) = preSolution
		Debug|Any CPU = Debug|Any CPU
		Release|Any CPU = Release|Any CPU
	EndGlobalSection
	GlobalSection(ProjectConfigurationPlatforms) = postSolution
		{DFF1055C-0165-489D-B493-7573FD76300C}.Debug|Any CPU.ActiveCfg = Debug|Any CPU
		{DFF1055C-0165-489D-B493-7573FD76300C}.Debug|Any CPU.Build.0 = Debug|Any CPU
		{DFF1055C-0165-489D-B493-7573FD76300C}.Release|Any CPU.ActiveCfg = Release|Any CPU
		{DFF1055C-0165-489D-B493-7573FD76300C}.Release|Any CPU.Build.0 = Release|Any CPU
	EndGlobalSection
	GlobalSection(SolutionProperties) = preSolution
		HideSolutionNode = FALSE
	EndGlobalSection
	GlobalSection(ExtensibilityGlobals) = postSolution
		SolutionGuid = {A21CAD3F-8F65-4A07-A7DE-B3412F5F6328}
	EndGlobalSection
EndGlobal
